<?xml version="1.0" encoding="utf-8"?>
<Project ToolsVersion="4.0" xmlns="http://schemas.microsoft.com/developer/msbuild/2003">
  <ItemGroup>
    <Filter Include="Source Files">
      <UniqueIdentifier>{4FC737F1-C7A5-4376-A066-2A32D752A2FF}</UniqueIdentifier>
      <Extensions>cpp;c;cc;cxx;c++;cppm;ixx;def;odl;idl;hpj;bat;asm;asmx</Extensions>
    </Filter>
    <Filter Include="Header Files">
      <UniqueIdentifier>{93995380-89BD-4b04-88EB-625FBE52EBFB}</UniqueIdentifier>
      <Extensions>h;hh;hpp;hxx;h++;hm;inl;inc;ipp;xsd</Extensions>
    </Filter>
    <Filter Include="Resource Files">
      <UniqueIdentifier>{67DA6AB6-F800-4c08-8B7A-83BB121AAD01}</UniqueIdentifier>
      <Extensions>rc;ico;cur;bmp;dlg;rc2;rct;bin;rgs;gif;jpg;jpeg;jpe;resx;tiff;tif;png;wav;mfcribbon-ms</Extensions>
    </Filter>
    <Filter Include="Tools">
      <UniqueIdentifier>{8681f5ec-1258-4e70-9774-ccbe8d20071e}</UniqueIdentifier>
    </Filter>
    <Filter Include="Object Components">
      <UniqueIdentifier>{155ff6d9-9a1f-49b3-bdec-ed91623fcd0b}</UniqueIdentifier>
    </Filter>
    <Filter Include="Object Components\Header Files">
      <UniqueIdentifier>{d12f02a9-fa4e-43b1-89e4-aa4dcba52429}</UniqueIdentifier>
    </Filter>
    <Filter Include="Object Components\Source Files">
      <UniqueIdentifier>{e058d294-8e22-4fc1-9ba4-a175e1ff79f2}</UniqueIdentifier>
    </Filter>
    <Filter Include="Primitives">
      <UniqueIdentifier>{73c6192e-9964-44ed-a09a-80221a3e4139}</UniqueIdentifier>
    </Filter>
  </ItemGroup>
  <ItemGroup>
    <ClCompile Include="GameEngine.cpp">
      <Filter>Source Files</Filter>
    </ClCompile>
    <ClCompile Include="Engine_ModuleRenderer3D.cpp">
      <Filter>Source Files</Filter>
    </ClCompile>
    <ClCompile Include="Engine_log.cpp">
      <Filter>Tools</Filter>
    </ClCompile>
    <ClCompile Include="Camera.h">
      <Filter>Header Files</Filter>
    </ClCompile>
    <ClCompile Include="Camera.cpp">
      <Filter>Source Files</Filter>
    </ClCompile>
    <ClCompile Include="Transform.cpp">
      <Filter>Object Components\Source Files</Filter>
    </ClCompile>
    <ClCompile Include="Mesh.cpp">
      <Filter>Object Components\Source Files</Filter>
    </ClCompile>
    <ClCompile Include="Texture2D.cpp">
      <Filter>Object Components\Source Files</Filter>
    </ClCompile>
    <ClCompile Include="GameObject.cpp">
      <Filter>Source Files</Filter>
    </ClCompile>
    <ClCompile Include="Engine_ModuleScene.cpp">
      <Filter>Source Files</Filter>
    </ClCompile>
  </ItemGroup>
  <ItemGroup>
    <ClInclude Include="GameEngine.h">
      <Filter>Header Files</Filter>
    </ClInclude>
    <ClInclude Include="Engine_Globals.h">
      <Filter>Header Files</Filter>
    </ClInclude>
    <ClInclude Include="Engine_Module.h">
      <Filter>Header Files</Filter>
    </ClInclude>
    <ClInclude Include="Engine_ModuleRenderer3D.h">
      <Filter>Header Files</Filter>
    </ClInclude>
    <ClInclude Include="JSONParser.h">
      <Filter>Tools</Filter>
    </ClInclude>
    <ClInclude Include="Transform.h">
      <Filter>Object Components\Header Files</Filter>
    </ClInclude>
    <ClInclude Include="Graphic.h">
      <Filter>Tools</Filter>
    </ClInclude>
    <ClInclude Include="Mesh.h">
      <Filter>Object Components\Header Files</Filter>
    </ClInclude>
    <ClInclude Include="Texture2D.h">
      <Filter>Object Components\Header Files</Filter>
    </ClInclude>
    <ClInclude Include="GameObject.h">
      <Filter>Header Files</Filter>
    </ClInclude>
    <ClInclude Include="Component.h">
      <Filter>Object Components\Header Files</Filter>
    </ClInclude>
    <ClInclude Include="MeshLoader.h">
      <Filter>Tools</Filter>
    </ClInclude>
    <ClInclude Include="Cube.h">
      <Filter>Primitives</Filter>
    </ClInclude>
    <ClInclude Include="Primitive.h">
      <Filter>Primitives</Filter>
    </ClInclude>
    <ClInclude Include="Pyramid.h">
      <Filter>Primitives</Filter>
    </ClInclude>
    <ClInclude Include="MeshInfo.h">
      <Filter>Tools</Filter>
    </ClInclude>
    <ClInclude Include="Cone.h">
      <Filter>Primitives</Filter>
    </ClInclude>
    <ClInclude Include="Engine_ModuleScene.h">
      <Filter>Header Files</Filter>
    </ClInclude>
  </ItemGroup>
</Project>